
Microsoft Visual Studio Solution File, Format Version 12.00
Project("{FAE04EC0-301F-11D3-BF4B-00C04F79EFBC}") = "UsageSender", "UsageSender\UsageSender.csproj", "{4D4025F8-FBF1-4E28-BCB8-403E2C9FF2DB}"
EndProject
Project("{FAE04EC0-301F-11D3-BF4B-00C04F79EFBC}") = "UsageProcessor", "UsageProcessor\UsageProcessor.csproj", "{E3DCD6FB-D562-4AC3-8BEE-CCFA53C4D816}"
EndProject
Project("{FAE04EC0-301F-11D3-BF4B-00C04F79EFBC}") = "UsageLogger", "UsageLogger\UsageLogger.csproj", "{FA11B5EC-47C1-4C0D-A3F5-C5629277E99B}"
EndProject
Global
	GlobalSection(SolutionConfigurationPlatforms) = preSolution
		Debug|Any CPU = Debug|Any CPU
		Release|Any CPU = Release|Any CPU
	EndGlobalSection
	GlobalSection(ProjectConfigurationPlatforms) = postSolution
		{4D4025F8-FBF1-4E28-BCB8-403E2C9FF2DB}.Debug|Any CPU.ActiveCfg = Debug|Any CPU
		{4D4025F8-FBF1-4E28-BCB8-403E2C9FF2DB}.Debug|Any CPU.Build.0 = Debug|Any CPU
		{4D4025F8-FBF1-4E28-BCB8-403E2C9FF2DB}.Release|Any CPU.ActiveCfg = Release|Any CPU
		{4D4025F8-FBF1-4E28-BCB8-403E2C9FF2DB}.Release|Any CPU.Build.0 = Release|Any CPU
		{E3DCD6FB-D562-4AC3-8BEE-CCFA53C4D816}.Debug|Any CPU.ActiveCfg = Debug|Any CPU
		{E3DCD6FB-D562-4AC3-8BEE-CCFA53C4D816}.Debug|Any CPU.Build.0 = Debug|Any CPU
		{E3DCD6FB-D562-4AC3-8BEE-CCFA53C4D816}.Release|Any CPU.ActiveCfg = Release|Any CPU
		{E3DCD6FB-D562-4AC3-8BEE-CCFA53C4D816}.Release|Any CPU.Build.0 = Release|Any CPU
		{FA11B5EC-47C1-4C0D-A3F5-C5629277E99B}.Debug|Any CPU.ActiveCfg = Debug|Any CPU
		{FA11B5EC-47C1-4C0D-A3F5-C5629277E99B}.Debug|Any CPU.Build.0 = Debug|Any CPU
		{FA11B5EC-47C1-4C0D-A3F5-C5629277E99B}.Release|Any CPU.ActiveCfg = Release|Any CPU
		{FA11B5EC-47C1-4C0D-A3F5-C5629277E99B}.Release|Any CPU.Build.0 = Release|Any CPU
	EndGlobalSection
EndGlobal
